// !$*UTF8*$!
{
	archiveVersion = 1;
	classes = {
	};
	objectVersion = 46;
	objects = {

/* Begin PBXBuildFile section */
		7FC27E6317802A1CDF8CC746 /* libPods.a in Frameworks */ = {isa = PBXBuildFile; fileRef = 8518860C260ED80284D052D8 /* libPods.a */; };
		CCA937A11ABCC1C4009808E7 /* main.m in Sources */ = {isa = PBXBuildFile; fileRef = CCA937A01ABCC1C4009808E7 /* main.m */; };
		CCA937A41ABCC1C4009808E7 /* AppDelegate.m in Sources */ = {isa = PBXBuildFile; fileRef = CCA937A31ABCC1C4009808E7 /* AppDelegate.m */; };
		CCA937A71ABCC1C4009808E7 /* ViewController.m in Sources */ = {isa = PBXBuildFile; fileRef = CCA937A61ABCC1C4009808E7 /* ViewController.m */; };
		CCA937AA1ABCC1C4009808E7 /* Main.storyboard in Resources */ = {isa = PBXBuildFile; fileRef = CCA937A81ABCC1C4009808E7 /* Main.storyboard */; };
		CCA937AC1ABCC1C4009808E7 /* Images.xcassets in Resources */ = {isa = PBXBuildFile; fileRef = CCA937AB1ABCC1C4009808E7 /* Images.xcassets */; };
		CCA937AF1ABCC1C4009808E7 /* LaunchScreen.xib in Resources */ = {isa = PBXBuildFile; fileRef = CCA937AD1ABCC1C4009808E7 /* LaunchScreen.xib */; };
		CCA937BB1ABCC1C5009808E7 /* MoviesTests.m in Sources */ = {isa = PBXBuildFile; fileRef = CCA937BA1ABCC1C5009808E7 /* MoviesTests.m */; };
		CCA937C61ABCC67F009808E7 /* NSObject+NetworkConnectivity.m in Sources */ = {isa = PBXBuildFile; fileRef = CCA937C51ABCC67F009808E7 /* NSObject+NetworkConnectivity.m */; };
		CCA937CD1ABD02F5009808E7 /* MovieObject.m in Sources */ = {isa = PBXBuildFile; fileRef = CCA937CC1ABD02F5009808E7 /* MovieObject.m */; };
/* End PBXBuildFile section */

/* Begin PBXContainerItemProxy section */
		CCA937B51ABCC1C5009808E7 /* PBXContainerItemProxy */ = {
			isa = PBXContainerItemProxy;
			containerPortal = CCA937931ABCC1C3009808E7 /* Project object */;
			proxyType = 1;
			remoteGlobalIDString = CCA9379A1ABCC1C4009808E7;
			remoteInfo = Movies;
		};
/* End PBXContainerItemProxy section */

/* Begin PBXFileReference section */
		8518860C260ED80284D052D8 /* libPods.a */ = {isa = PBXFileReference; explicitFileType = archive.ar; includeInIndex = 0; path = libPods.a; sourceTree = BUILT_PRODUCTS_DIR; };
		8EC62EB8CC158037062D906E /* Pods.debug.xcconfig */ = {isa = PBXFileReference; includeInIndex = 1; lastKnownFileType = text.xcconfig; name = Pods.debug.xcconfig; path = "Pods/Target Support Files/Pods/Pods.debug.xcconfig"; sourceTree = "<group>"; };
		9237DD54C6252916C2174945 /* Pods.release.xcconfig */ = {isa = PBXFileReference; includeInIndex = 1; lastKnownFileType = text.xcconfig; name = Pods.release.xcconfig; path = "Pods/Target Support Files/Pods/Pods.release.xcconfig"; sourceTree = "<group>"; };
		CCA9379B1ABCC1C4009808E7 /* Movies.app */ = {isa = PBXFileReference; explicitFileType = wrapper.application; includeInIndex = 0; path = Movies.app; sourceTree = BUILT_PRODUCTS_DIR; };
		CCA9379F1ABCC1C4009808E7 /* Info.plist */ = {isa = PBXFileReference; lastKnownFileType = text.plist.xml; path = Info.plist; sourceTree = "<group>"; };
		CCA937A01ABCC1C4009808E7 /* main.m */ = {isa = PBXFileReference; lastKnownFileType = sourcecode.c.objc; path = main.m; sourceTree = "<group>"; };
		CCA937A21ABCC1C4009808E7 /* AppDelegate.h */ = {isa = PBXFileReference; lastKnownFileType = sourcecode.c.h; path = AppDelegate.h; sourceTree = "<group>"; };
		CCA937A31ABCC1C4009808E7 /* AppDelegate.m */ = {isa = PBXFileReference; lastKnownFileType = sourcecode.c.objc; path = AppDelegate.m; sourceTree = "<group>"; };
		CCA937A51ABCC1C4009808E7 /* ViewController.h */ = {isa = PBXFileReference; lastKnownFileType = sourcecode.c.h; path = ViewController.h; sourceTree = "<group>"; };
		CCA937A61ABCC1C4009808E7 /* ViewController.m */ = {isa = PBXFileReference; lastKnownFileType = sourcecode.c.objc; path = ViewController.m; sourceTree = "<group>"; };
		CCA937A91ABCC1C4009808E7 /* Base */ = {isa = PBXFileReference; lastKnownFileType = file.storyboard; name = Base; path = Base.lproj/Main.storyboard; sourceTree = "<group>"; };
		CCA937AB1ABCC1C4009808E7 /* Images.xcassets */ = {isa = PBXFileReference; lastKnownFileType = folder.assetcatalog; path = Images.xcassets; sourceTree = "<group>"; };
		CCA937AE1ABCC1C4009808E7 /* Base */ = {isa = PBXFileReference; lastKnownFileType = file.xib; name = Base; path = Base.lproj/LaunchScreen.xib; sourceTree = "<group>"; };
		CCA937B41ABCC1C5009808E7 /* MoviesTests.xctest */ = {isa = PBXFileReference; explicitFileType = wrapper.cfbundle; includeInIndex = 0; path = MoviesTests.xctest; sourceTree = BUILT_PRODUCTS_DIR; };
		CCA937B91ABCC1C5009808E7 /* Info.plist */ = {isa = PBXFileReference; lastKnownFileType = text.plist.xml; path = Info.plist; sourceTree = "<group>"; };
		CCA937BA1ABCC1C5009808E7 /* MoviesTests.m */ = {isa = PBXFileReference; lastKnownFileType = sourcecode.c.objc; path = MoviesTests.m; sourceTree = "<group>"; };
		CCA937C41ABCC67F009808E7 /* NSObject+NetworkConnectivity.h */ = {isa = PBXFileReference; fileEncoding = 4; lastKnownFileType = sourcecode.c.h; path = "NSObject+NetworkConnectivity.h"; sourceTree = "<group>"; };
		CCA937C51ABCC67F009808E7 /* NSObject+NetworkConnectivity.m */ = {isa = PBXFileReference; fileEncoding = 4; lastKnownFileType = sourcecode.c.objc; path = "NSObject+NetworkConnectivity.m"; sourceTree = "<group>"; };
		CCA937CA1ABCFE34009808E7 /* Podfile */ = {isa = PBXFileReference; lastKnownFileType = text; path = Podfile; sourceTree = "<group>"; };
		CCA937CB1ABD02F5009808E7 /* MovieObject.h */ = {isa = PBXFileReference; fileEncoding = 4; lastKnownFileType = sourcecode.c.h; path = MovieObject.h; sourceTree = "<group>"; };
		CCA937CC1ABD02F5009808E7 /* MovieObject.m */ = {isa = PBXFileReference; fileEncoding = 4; lastKnownFileType = sourcecode.c.objc; path = MovieObject.m; sourceTree = "<group>"; };
/* End PBXFileReference section */

/* Begin PBXFrameworksBuildPhase section */
		CCA937981ABCC1C4009808E7 /* Frameworks */ = {
			isa = PBXFrameworksBuildPhase;
			buildActionMask = 2147483647;
			files = (
				7FC27E6317802A1CDF8CC746 /* libPods.a in Frameworks */,
			);
			runOnlyForDeploymentPostprocessing = 0;
		};
		CCA937B11ABCC1C5009808E7 /* Frameworks */ = {
			isa = PBXFrameworksBuildPhase;
			buildActionMask = 2147483647;
			files = (
			);
			runOnlyForDeploymentPostprocessing = 0;
		};
/* End PBXFrameworksBuildPhase section */

/* Begin PBXGroup section */
		25BF7D6AEF5AEDFD8E8EF85D /* Pods */ = {
			isa = PBXGroup;
			children = (
				8EC62EB8CC158037062D906E /* Pods.debug.xcconfig */,
				9237DD54C6252916C2174945 /* Pods.release.xcconfig */,
			);
			name = Pods;
			sourceTree = "<group>";
		};
		A56659131EC4A685F84E5FDF /* Frameworks */ = {
			isa = PBXGroup;
			children = (
				8518860C260ED80284D052D8 /* libPods.a */,
			);
			name = Frameworks;
			sourceTree = "<group>";
		};
		CCA937921ABCC1C3009808E7 = {
			isa = PBXGroup;
			children = (
				CCA937CA1ABCFE34009808E7 /* Podfile */,
				CCA9379D1ABCC1C4009808E7 /* Movies */,
				CCA937B71ABCC1C5009808E7 /* MoviesTests */,
				CCA9379C1ABCC1C4009808E7 /* Products */,
				25BF7D6AEF5AEDFD8E8EF85D /* Pods */,
				A56659131EC4A685F84E5FDF /* Frameworks */,
			);
			sourceTree = "<group>";
		};
		CCA9379C1ABCC1C4009808E7 /* Products */ = {
			isa = PBXGroup;
			children = (
				CCA9379B1ABCC1C4009808E7 /* Movies.app */,
				CCA937B41ABCC1C5009808E7 /* MoviesTests.xctest */,
			);
			name = Products;
			sourceTree = "<group>";
		};
		CCA9379D1ABCC1C4009808E7 /* Movies */ = {
			isa = PBXGroup;
			children = (
				CCA937A51ABCC1C4009808E7 /* ViewController.h */,
				CCA937A61ABCC1C4009808E7 /* ViewController.m */,
				CCA937A81ABCC1C4009808E7 /* Main.storyboard */,
				CCA937C71ABCC687009808E7 /* Modal / Networking Layer */,
				CCA937C81ABCC698009808E7 /* AppDelegate */,
				CCA937AB1ABCC1C4009808E7 /* Images.xcassets */,
				CCA937AD1ABCC1C4009808E7 /* LaunchScreen.xib */,
				CCA9379E1ABCC1C4009808E7 /* Supporting Files */,
			);
			path = Movies;
			sourceTree = "<group>";
		};
		CCA9379E1ABCC1C4009808E7 /* Supporting Files */ = {
			isa = PBXGroup;
			children = (
				CCA9379F1ABCC1C4009808E7 /* Info.plist */,
				CCA937A01ABCC1C4009808E7 /* main.m */,
			);
			name = "Supporting Files";
			sourceTree = "<group>";
		};
		CCA937B71ABCC1C5009808E7 /* MoviesTests */ = {
			isa = PBXGroup;
			children = (
				CCA937BA1ABCC1C5009808E7 /* MoviesTests.m */,
				CCA937B81ABCC1C5009808E7 /* Supporting Files */,
			);
			path = MoviesTests;
			sourceTree = "<group>";
		};
		CCA937B81ABCC1C5009808E7 /* Supporting Files */ = {
			isa = PBXGroup;
			children = (
				CCA937B91ABCC1C5009808E7 /* Info.plist */,
			);
			name = "Supporting Files";
			sourceTree = "<group>";
		};
		CCA937C71ABCC687009808E7 /* Modal / Networking Layer */ = {
			isa = PBXGroup;
			children = (
				CCA937C41ABCC67F009808E7 /* NSObject+NetworkConnectivity.h */,
				CCA937C51ABCC67F009808E7 /* NSObject+NetworkConnectivity.m */,
				CCA937CB1ABD02F5009808E7 /* MovieObject.h */,
				CCA937CC1ABD02F5009808E7 /* MovieObject.m */,
			);
			name = "Modal / Networking Layer";
			sourceTree = "<group>";
		};
		CCA937C81ABCC698009808E7 /* AppDelegate */ = {
			isa = PBXGroup;
			children = (
				CCA937A21ABCC1C4009808E7 /* AppDelegate.h */,
				CCA937A31ABCC1C4009808E7 /* AppDelegate.m */,
			);
			name = AppDelegate;
			sourceTree = "<group>";
		};
/* End PBXGroup section */

/* Begin PBXNativeTarget section */
		CCA9379A1ABCC1C4009808E7 /* Movies */ = {
			isa = PBXNativeTarget;
			buildConfigurationList = CCA937BE1ABCC1C5009808E7 /* Build configuration list for PBXNativeTarget "Movies" */;
			buildPhases = (
				D05F8180BCCAE8369889C717 /* Check Pods Manifest.lock */,
				CCA937971ABCC1C4009808E7 /* Sources */,
				CCA937981ABCC1C4009808E7 /* Frameworks */,
				CCA937991ABCC1C4009808E7 /* Resources */,
				2AC8759329B85B747716B37C /* Copy Pods Resources */,
			);
			buildRules = (
			);
			dependencies = (
			);
			name = Movies;
			productName = Movies;
			productReference = CCA9379B1ABCC1C4009808E7 /* Movies.app */;
			productType = "com.apple.product-type.application";
		};
		CCA937B31ABCC1C5009808E7 /* MoviesTests */ = {
			isa = PBXNativeTarget;
			buildConfigurationList = CCA937C11ABCC1C5009808E7 /* Build configuration list for PBXNativeTarget "MoviesTests" */;
			buildPhases = (
				CCA937B01ABCC1C5009808E7 /* Sources */,
				CCA937B11ABCC1C5009808E7 /* Frameworks */,
				CCA937B21ABCC1C5009808E7 /* Resources */,
			);
			buildRules = (
			);
			dependencies = (
				CCA937B61ABCC1C5009808E7 /* PBXTargetDependency */,
			);
			name = MoviesTests;
			productName = MoviesTests;
			productReference = CCA937B41ABCC1C5009808E7 /* MoviesTests.xctest */;
			productType = "com.apple.product-type.bundle.unit-test";
		};
/* End PBXNativeTarget section */

/* Begin PBXProject section */
		CCA937931ABCC1C3009808E7 /* Project object */ = {
			isa = PBXProject;
			attributes = {
				LastUpgradeCheck = 0610;
				ORGANIZATIONNAME = AlexCevallos;
				TargetAttributes = {
					CCA9379A1ABCC1C4009808E7 = {
						CreatedOnToolsVersion = 6.1.1;
					};
					CCA937B31ABCC1C5009808E7 = {
						CreatedOnToolsVersion = 6.1.1;
						TestTargetID = CCA9379A1ABCC1C4009808E7;
					};
				};
			};
			buildConfigurationList = CCA937961ABCC1C4009808E7 /* Build configuration list for PBXProject "Movies" */;
			compatibilityVersion = "Xcode 3.2";
			developmentRegion = English;
			hasScannedForEncodings = 0;
			knownRegions = (
				en,
				Base,
			);
			mainGroup = CCA937921ABCC1C3009808E7;
			productRefGroup = CCA9379C1ABCC1C4009808E7 /* Products */;
			projectDirPath = "";
			projectRoot = "";
			targets = (
				CCA9379A1ABCC1C4009808E7 /* Movies */,
				CCA937B31ABCC1C5009808E7 /* MoviesTests */,
			);
		};
/* End PBXProject section */

/* Begin PBXResourcesBuildPhase section */
		CCA937991ABCC1C4009808E7 /* Resources */ = {
			isa = PBXResourcesBuildPhase;
			buildActionMask = 2147483647;
			files = (
				CCA937AA1ABCC1C4009808E7 /* Main.storyboard in Resources */,
				CCA937AF1ABCC1C4009808E7 /* LaunchScreen.xib in Resources */,
				CCA937AC1ABCC1C4009808E7 /* Images.xcassets in Resources */,
			);
			runOnlyForDeploymentPostprocessing = 0;
		};
		CCA937B21ABCC1C5009808E7 /* Resources */ = {
			isa = PBXResourcesBuildPhase;
			buildActionMask = 2147483647;
			files = (
			);
			runOnlyForDeploymentPostprocessing = 0;
		};
/* End PBXResourcesBuildPhase section */

/* Begin PBXShellScriptBuildPhase section */
		2AC8759329B85B747716B37C /* Copy Pods Resources */ = {
			isa = PBXShellScriptBuildPhase;
			buildActionMask = 2147483647;
			files = (
			);
			inputPaths = (
			);
			name = "Copy Pods Resources";
			outputPaths = (
			);
			runOnlyForDeploymentPostprocessing = 0;
			shellPath = /bin/sh;
			shellScript = "\"${SRCROOT}/Pods/Target Support Files/Pods/Pods-resources.sh\"\n";
			showEnvVarsInLog = 0;
		};
		D05F8180BCCAE8369889C717 /* Check Pods Manifest.lock */ = {
			isa = PBXShellScriptBuildPhase;
			buildActionMask = 2147483647;
			files = (
			);
			inputPaths = (
			);
			name = "Check Pods Manifest.lock";
			outputPaths = (
			);
			runOnlyForDeploymentPostprocessing = 0;
			shellPath = /bin/sh;
			shellScript = "diff \"${PODS_ROOT}/../Podfile.lock\" \"${PODS_ROOT}/Manifest.lock\" > /dev/null\nif [[ $? != 0 ]] ; then\n    cat << EOM\nerror: The sandbox is not in sync with the Podfile.lock. Run 'pod install' or update your CocoaPods installation.\nEOM\n    exit 1\nfi\n";
			showEnvVarsInLog = 0;
		};
/* End PBXShellScriptBuildPhase section */

/* Begin PBXSourcesBuildPhase section */
		CCA937971ABCC1C4009808E7 /* Sources */ = {
			isa = PBXSourcesBuildPhase;
			buildActionMask = 2147483647;
			files = (
				CCA937CD1ABD02F5009808E7 /* MovieObject.m in Sources */,
				CCA937A71ABCC1C4009808E7 /* ViewController.m in Sources */,
				CCA937C61ABCC67F009808E7 /* NSObject+NetworkConnectivity.m in Sources */,
				CCA937A41ABCC1C4009808E7 /* AppDelegate.m in Sources */,
				CCA937A11ABCC1C4009808E7 /* main.m in Sources */,
			);
			runOnlyForDeploymentPostprocessing = 0;
		};
		CCA937B01ABCC1C5009808E7 /* Sources */ = {
			isa = PBXSourcesBuildPhase;
			buildActionMask = 2147483647;
			files = (
				CCA937BB1ABCC1C5009808E7 /* MoviesTests.m in Sources */,
			);
			runOnlyForDeploymentPostprocessing = 0;
		};
/* End PBXSourcesBuildPhase section */

/* Begin PBXTargetDependency section */
		CCA937B61ABCC1C5009808E7 /* PBXTargetDependency */ = {
			isa = PBXTargetDependency;
			target = CCA9379A1ABCC1C4009808E7 /* Movies */;
			targetProxy = CCA937B51ABCC1C5009808E7 /* PBXContainerItemProxy */;
		};
/* End PBXTargetDependency section */

/* Begin PBXVariantGroup section */
		CCA937A81ABCC1C4009808E7 /* Main.storyboard */ = {
			isa = PBXVariantGroup;
			children = (
				CCA937A91ABCC1C4009808E7 /* Base */,
			);
			name = Main.storyboard;
			sourceTree = "<group>";
		};
		CCA937AD1ABCC1C4009808E7 /* LaunchScreen.xib */ = {
			isa = PBXVariantGroup;
			children = (
				CCA937AE1ABCC1C4009808E7 /* Base */,
			);
			name = LaunchScreen.xib;
			sourceTree = "<group>";
		};
/* End PBXVariantGroup section */

/* Begin XCBuildConfiguration section */
		CCA937BC1ABCC1C5009808E7 /* Debug */ = {
			isa = XCBuildConfiguration;
			buildSettings = {
				ALWAYS_SEARCH_USER_PATHS = NO;
				CLANG_CXX_LANGUAGE_STANDARD = "gnu++0x";
				CLANG_CXX_LIBRARY = "libc++";
				CLANG_ENABLE_MODULES = YES;
				CLANG_ENABLE_OBJC_ARC = YES;
				CLANG_WARN_BOOL_CONVERSION = YES;
				CLANG_WARN_CONSTANT_CONVERSION = YES;
				CLANG_WARN_DIRECT_OBJC_ISA_USAGE = YES_ERROR;
				CLANG_WARN_EMPTY_BODY = YES;
				CLANG_WARN_ENUM_CONVERSION = YES;
				CLANG_WARN_INT_CONVERSION = YES;
				CLANG_WARN_OBJC_ROOT_CLASS = YES_ERROR;
				CLANG_WARN_UNREACHABLE_CODE = YES;
				CLANG_WARN__DUPLICATE_METHOD_MATCH = YES;
				"CODE_SIGN_IDENTITY[sdk=iphoneos*]" = "iPhone Developer";
				COPY_PHASE_STRIP = NO;
				ENABLE_STRICT_OBJC_MSGSEND = YES;
				GCC_C_LANGUAGE_STANDARD = gnu99;
				GCC_DYNAMIC_NO_PIC = NO;
				GCC_OPTIMIZATION_LEVEL = 0;
				GCC_PREPROCESSOR_DEFINITIONS = (
					"DEBUG=1",
					"$(inherited)",
				);
				GCC_SYMBOLS_PRIVATE_EXTERN = NO;
				GCC_WARN_64_TO_32_BIT_CONVERSION = YES;
				GCC_WARN_ABOUT_RETURN_TYPE = YES_ERROR;
				GCC_WARN_UNDECLARED_SELECTOR = YES;
				GCC_WARN_UNINITIALIZED_AUTOS = YES_AGGRESSIVE;
				GCC_WARN_UNUSED_FUNCTION = YES;
				GCC_WARN_UNUSED_VARIABLE = YES;
				IPHONEOS_DEPLOYMENT_TARGET = 8.1;
				MTL_ENABLE_DEBUG_INFO = YES;
				ONLY_ACTIVE_ARCH = YES;
				SDKROOT = iphoneos;
			};
			name = Debug;
		};
		CCA937BD1ABCC1C5009808E7 /* Release */ = {
			isa = XCBuildConfiguration;
			buildSettings = {
				ALWAYS_SEARCH_USER_PATHS = NO;
				CLANG_CXX_LANGUAGE_STANDARD = "gnu++0x";
				CLANG_CXX_LIBRARY = "libc++";
				CLANG_ENABLE_MODULES = YES;
				CLANG_ENABLE_OBJC_ARC = YES;
				CLANG_WARN_BOOL_CONVERSION = YES;
				CLANG_WARN_CONSTANT_CONVERSION = YES;
				CLANG_WARN_DIRECT_OBJC_ISA_USAGE = YES_ERROR;
				CLANG_WARN_EMPTY_BODY = YES;
				CLANG_WARN_ENUM_CONVERSION = YES;
				CLANG_WARN_INT_CONVERSION = YES;
				CLANG_WARN_OBJC_ROOT_CLASS = YES_ERROR;
				CLANG_WARN_UNREACHABLE_CODE = YES;
				CLANG_WARN__DUPLICATE_METHOD_MATCH = YES;
				"CODE_SIGN_IDENTITY[sdk=iphoneos*]" = "iPhone Developer";
				COPY_PHASE_STRIP = YES;
				ENABLE_NS_ASSERTIONS = NO;
				ENABLE_STRICT_OBJC_MSGSEND = YES;
				GCC_C_LANGUAGE_STANDARD = gnu99;
				GCC_WARN_64_TO_32_BIT_CONVERSION = YES;
				GCC_WARN_ABOUT_RETURN_TYPE = YES_ERROR;
				GCC_WARN_UNDECLARED_SELECTOR = YES;
				GCC_WARN_UNINITIALIZED_AUTOS = YES_AGGRESSIVE;
				GCC_WARN_UNUSED_FUNCTION = YES;
				GCC_WARN_UNUSED_VARIABLE = YES;
				IPHONEOS_DEPLOYMENT_TARGET = 8.1;
				MTL_ENABLE_DEBUG_INFO = NO;
				SDKROOT = iphoneos;
				VALIDATE_PRODUCT = YES;
			};
			name = Release;
		};
		CCA937BF1ABCC1C5009808E7 /* Debug */ = {
			isa = XCBuildConfiguration;
			baseConfigurationReference = 8EC62EB8CC158037062D906E /* Pods.debug.xcconfig */;
			buildSettings = {
				ASSETCATALOG_COMPILER_APPICON_NAME = AppIcon;
				INFOPLIST_FILE = Movies/Info.plist;
				LD_RUNPATH_SEARCH_PATHS = "$(inherited) @executable_path/Frameworks";
				PRODUCT_NAME = "$(TARGET_NAME)";
			};
			name = Debug;
		};
		CCA937C01ABCC1C5009808E7 /* Release */ = {
			isa = XCBuildConfiguration;
			baseConfigurationReference = 9237DD54C6252916C2174945 /* Pods.release.xcconfig */;
			buildSettings = {
				ASSETCATALOG_COMPILER_APPICON_NAME = AppIcon;
				INFOPLIST_FILE = Movies/Info.plist;
				LD_RUNPATH_SEARCH_PATHS = "$(inherited) @executable_path/Frameworks";
				PRODUCT_NAME = "$(TARGET_NAME)";
			};
			name = Release;
		};
		CCA937C21ABCC1C5009808E7 /* Debug */ = {
			isa = XCBuildConfiguration;
			buildSettings = {
				BUNDLE_LOADER = "$(TEST_HOST)";
				FRAMEWORK_SEARCH_PATHS = (
					"$(SDKROOT)/Developer/Library/Frameworks",
					"$(inherited)",
				);
				GCC_PREPROCESSOR_DEFINITIONS = (
					"DEBUG=1",
					"$(inherited)",
				);
				INFOPLIST_FILE = MoviesTests/Info.plist;
				LD_RUNPATH_SEARCH_PATHS = "$(inherited) @executable_path/Frameworks @loader_path/Frameworks";
				PRODUCT_NAME = "$(TARGET_NAME)";
				TEST_HOST = "$(BUILT_PRODUCTS_DIR)/Movies.app/Movies";
			};
			name = Debug;
		};
		CCA937C31ABCC1C5009808E7 /* Release */ = {
			isa = XCBuildConfiguration;
			buildSettings = {
				BUNDLE_LOADER = "$(TEST_HOST)";
				FRAMEWORK_SEARCH_PATHS = (
					"$(SDKROOT)/Developer/Library/Frameworks",
					"$(inherited)",
				);
				INFOPLIST_FILE = MoviesTests/Info.plist;
				LD_RUNPATH_SEARCH_PATHS = "$(inherited) @executable_path/Frameworks @loader_path/Frameworks";
				PRODUCT_NAME = "$(TARGET_NAME)";
				TEST_HOST = "$(BUILT_PRODUCTS_DIR)/Movies.app/Movies";
			};
			name = Release;
		};
/* End XCBuildConfiguration section */

/* Begin XCConfigurationList section */
		CCA937961ABCC1C4009808E7 /* Build configuration list for PBXProject "Movies" */ = {
			isa = XCConfigurationList;
			buildConfigurations = (
				CCA937BC1ABCC1C5009808E7 /* Debug */,
				CCA937BD1ABCC1C5009808E7 /* Release */,
			);
			defaultConfigurationIsVisible = 0;
			defaultConfigurationName = Release;
		};
		CCA937BE1ABCC1C5009808E7 /* Build configuration list for PBXNativeTarget "Movies" */ = {
			isa = XCConfigurationList;
			buildConfigurations = (
				CCA937BF1ABCC1C5009808E7 /* Debug */,
				CCA937C01ABCC1C5009808E7 /* Release */,
			);
			defaultConfigurationIsVisible = 0;
			defaultConfigurationName = Release;
		};
		CCA937C11ABCC1C5009808E7 /* Build configuration list for PBXNativeTarget "MoviesTests" */ = {
			isa = XCConfigurationList;
			buildConfigurations = (
				CCA937C21ABCC1C5009808E7 /* Debug */,
				CCA937C31ABCC1C5009808E7 /* Release */,
			);
			defaultConfigurationIsVisible = 0;
			defaultConfigurationName = Release;
		};
/* End XCConfigurationList section */
	};
	rootObject = CCA937931ABCC1C3009808E7 /* Project object */;
}
